
Microsoft Visual Studio Solution File, Format Version 12.00
# Visual Studio 15
VisualStudioVersion = 15.0.28307.329
MinimumVisualStudioVersion = 10.0.40219.1
Project("{FAE04EC0-301F-11D3-BF4B-00C04F79EFBC}") = "BridgeSocketClient", "BridgeSocketClient\BridgeSocketClient.csproj", "{AAECF342-C0C7-4B7B-9767-323A3DC83964}"
EndProject
Global
	GlobalSection(SolutionConfigurationPlatforms) = preSolution
		Debug|Any CPU = Debug|Any CPU
		Release|Any CPU = Release|Any CPU
	EndGlobalSection
	GlobalSection(ProjectConfigurationPlatforms) = postSolution
		{AAECF342-C0C7-4B7B-9767-323A3DC83964}.Debug|Any CPU.ActiveCfg = Debug|Any CPU
		{AAECF342-C0C7-4B7B-9767-323A3DC83964}.Debug|Any CPU.Build.0 = Debug|Any CPU
		{AAECF342-C0C7-4B7B-9767-323A3DC83964}.Release|Any CPU.ActiveCfg = Release|Any CPU
		{AAECF342-C0C7-4B7B-9767-323A3DC83964}.Release|Any CPU.Build.0 = Release|Any CPU
	EndGlobalSection
	GlobalSection(SolutionProperties) = preSolution
		HideSolutionNode = FALSE
	EndGlobalSection
	GlobalSection(ExtensibilityGlobals) = postSolution
		SolutionGuid = {3C75C1E2-0834-45A0-A8E6-2E521248F743}
	EndGlobalSection
EndGlobal
